// !$*UTF8*$!
{
	archiveVersion = 1;
	classes = {
	};
	objectVersion = 50;
	objects = {

/* Begin PBXBuildFile section */
		B422801824BDEA9A004D25D4 /* C001.swift in Sources */ = {isa = PBXBuildFile; fileRef = B422801724BDEA9A004D25D4 /* C001.swift */; };
		B461FAC824BD7A720044F033 /* A001.swift in Sources */ = {isa = PBXBuildFile; fileRef = B461FAC724BD7A720044F033 /* A001.swift */; };
		B46DFCD124BDA12F000B873C /* B001.swift in Sources */ = {isa = PBXBuildFile; fileRef = B46DFCD024BDA12F000B873C /* B001.swift */; };
		B4DE743524C1716900ABC955 /* A042.swift in Sources */ = {isa = PBXBuildFile; fileRef = B4DE743424C1716900ABC955 /* A042.swift */; };
		B4DE743724C1731400ABC955 /* main.swift in Sources */ = {isa = PBXBuildFile; fileRef = B4DE743624C1731400ABC955 /* main.swift */; };
/* End PBXBuildFile section */

/* Begin PBXCopyFilesBuildPhase section */
		B461FAB224BD73BD0044F033 /* CopyFiles */ = {
			isa = PBXCopyFilesBuildPhase;
			buildActionMask = 2147483647;
			dstPath = /usr/share/man/man1/;
			dstSubfolderSpec = 0;
			files = (
			);
			runOnlyForDeploymentPostprocessing = 1;
		};
/* End PBXCopyFilesBuildPhase section */

/* Begin PBXFileReference section */
		B422801724BDEA9A004D25D4 /* C001.swift */ = {isa = PBXFileReference; lastKnownFileType = sourcecode.swift; path = C001.swift; sourceTree = "<group>"; };
		B422801924BDEB3B004D25D4 /* README.md */ = {isa = PBXFileReference; lastKnownFileType = net.daringfireball.markdown; path = README.md; sourceTree = "<group>"; };
		B461FAB424BD73BD0044F033 /* Atcoder */ = {isa = PBXFileReference; explicitFileType = "compiled.mach-o.executable"; includeInIndex = 0; path = Atcoder; sourceTree = BUILT_PRODUCTS_DIR; };
		B461FAC724BD7A720044F033 /* A001.swift */ = {isa = PBXFileReference; lastKnownFileType = sourcecode.swift; path = A001.swift; sourceTree = "<group>"; };
		B46DFCCF24BD96D5000B873C /* README.md */ = {isa = PBXFileReference; lastKnownFileType = net.daringfireball.markdown; path = README.md; sourceTree = "<group>"; };
		B46DFCD024BDA12F000B873C /* B001.swift */ = {isa = PBXFileReference; lastKnownFileType = sourcecode.swift; path = B001.swift; sourceTree = "<group>"; };
		B46DFCD224BDA148000B873C /* README.md */ = {isa = PBXFileReference; lastKnownFileType = net.daringfireball.markdown; path = README.md; sourceTree = "<group>"; };
		B4DE743424C1716900ABC955 /* A042.swift */ = {isa = PBXFileReference; lastKnownFileType = sourcecode.swift; path = A042.swift; sourceTree = "<group>"; };
		B4DE743624C1731400ABC955 /* main.swift */ = {isa = PBXFileReference; lastKnownFileType = sourcecode.swift; path = main.swift; sourceTree = "<group>"; };
/* End PBXFileReference section */

/* Begin PBXFrameworksBuildPhase section */
		B461FAB124BD73BD0044F033 /* Frameworks */ = {
			isa = PBXFrameworksBuildPhase;
			buildActionMask = 2147483647;
			files = (
			);
			runOnlyForDeploymentPostprocessing = 0;
		};
/* End PBXFrameworksBuildPhase section */

/* Begin PBXGroup section */
		B422801624BDEA85004D25D4 /* C */ = {
			isa = PBXGroup;
			children = (
				B422801724BDEA9A004D25D4 /* C001.swift */,
				B422801924BDEB3B004D25D4 /* README.md */,
			);
			path = C;
			sourceTree = "<group>";
		};
		B461FAAB24BD73BD0044F033 = {
			isa = PBXGroup;
			children = (
				B461FAB624BD73BD0044F033 /* Atcoder */,
				B461FAB524BD73BD0044F033 /* Products */,
			);
			sourceTree = "<group>";
		};
		B461FAB524BD73BD0044F033 /* Products */ = {
			isa = PBXGroup;
			children = (
				B461FAB424BD73BD0044F033 /* Atcoder */,
			);
			name = Products;
			sourceTree = "<group>";
		};
		B461FAB624BD73BD0044F033 /* Atcoder */ = {
			isa = PBXGroup;
			children = (
				B461FABE24BD747F0044F033 /* ABC001 */,
				B4DE743224C16F5900ABC955 /* ABC042 */,
				B4DE743624C1731400ABC955 /* main.swift */,
			);
			path = Atcoder;
			sourceTree = "<group>";
		};
		B461FABE24BD747F0044F033 /* ABC001 */ = {
			isa = PBXGroup;
			children = (
				B461FAC324BD77F90044F033 /* A */,
				B461FAC424BD78070044F033 /* B */,
				B422801624BDEA85004D25D4 /* C */,
			);
			path = ABC001;
			sourceTree = "<group>";
		};
		B461FAC324BD77F90044F033 /* A */ = {
			isa = PBXGroup;
			children = (
				B461FAC724BD7A720044F033 /* A001.swift */,
				B46DFCCF24BD96D5000B873C /* README.md */,
			);
			path = A;
			sourceTree = "<group>";
		};
		B461FAC424BD78070044F033 /* B */ = {
			isa = PBXGroup;
			children = (
				B46DFCD024BDA12F000B873C /* B001.swift */,
				B46DFCD224BDA148000B873C /* README.md */,
			);
			path = B;
			sourceTree = "<group>";
		};
		B4DE743224C16F5900ABC955 /* ABC042 */ = {
			isa = PBXGroup;
			children = (
				B4DE743424C1716900ABC955 /* A042.swift */,
			);
			path = ABC042;
			sourceTree = "<group>";
		};
/* End PBXGroup section */

/* Begin PBXNativeTarget section */
		B461FAB324BD73BD0044F033 /* Atcoder */ = {
			isa = PBXNativeTarget;
			buildConfigurationList = B461FABB24BD73BD0044F033 /* Build configuration list for PBXNativeTarget "Atcoder" */;
			buildPhases = (
				B461FAB024BD73BD0044F033 /* Sources */,
				B461FAB124BD73BD0044F033 /* Frameworks */,
				B461FAB224BD73BD0044F033 /* CopyFiles */,
			);
			buildRules = (
			);
			dependencies = (
			);
			name = Atcoder;
			productName = Atcoder;
			productReference = B461FAB424BD73BD0044F033 /* Atcoder */;
			productType = "com.apple.product-type.tool";
		};
/* End PBXNativeTarget section */

/* Begin PBXProject section */
		B461FAAC24BD73BD0044F033 /* Project object */ = {
			isa = PBXProject;
			attributes = {
				LastSwiftUpdateCheck = 1150;
				LastUpgradeCheck = 1150;
				ORGANIZATIONNAME = "Louise Joe Shen";
				TargetAttributes = {
					B461FAB324BD73BD0044F033 = {
						CreatedOnToolsVersion = 11.5;
						LastSwiftMigration = 1150;
					};
				};
			};
			buildConfigurationList = B461FAAF24BD73BD0044F033 /* Build configuration list for PBXProject "Atcoder" */;
			compatibilityVersion = "Xcode 9.3";
			developmentRegion = en;
			hasScannedForEncodings = 0;
			knownRegions = (
				en,
				Base,
			);
			mainGroup = B461FAAB24BD73BD0044F033;
			productRefGroup = B461FAB524BD73BD0044F033 /* Products */;
			projectDirPath = "";
			projectRoot = "";
			targets = (
				B461FAB324BD73BD0044F033 /* Atcoder */,
			);
		};
/* End PBXProject section */

/* Begin PBXSourcesBuildPhase section */
		B461FAB024BD73BD0044F033 /* Sources */ = {
			isa = PBXSourcesBuildPhase;
			buildActionMask = 2147483647;
			files = (
				B46DFCD124BDA12F000B873C /* B001.swift in Sources */,
				B4DE743724C1731400ABC955 /* main.swift in Sources */,
				B4DE743524C1716900ABC955 /* A042.swift in Sources */,
				B422801824BDEA9A004D25D4 /* C001.swift in Sources */,
				B461FAC824BD7A720044F033 /* A001.swift in Sources */,
			);
			runOnlyForDeploymentPostprocessing = 0;
		};
/* End PBXSourcesBuildPhase section */

/* Begin XCBuildConfiguration section */
		B461FAB924BD73BD0044F033 /* Debug */ = {
			isa = XCBuildConfiguration;
			buildSettings = {
				ALWAYS_SEARCH_USER_PATHS = NO;
				CLANG_ANALYZER_NONNULL = YES;
				CLANG_ANALYZER_NUMBER_OBJECT_CONVERSION = YES_AGGRESSIVE;
				CLANG_CXX_LANGUAGE_STANDARD = "gnu++14";
				CLANG_CXX_LIBRARY = "libc++";
				CLANG_ENABLE_MODULES = YES;
				CLANG_ENABLE_OBJC_ARC = YES;
				CLANG_ENABLE_OBJC_WEAK = YES;
				CLANG_WARN_BLOCK_CAPTURE_AUTORELEASING = YES;
				CLANG_WARN_BOOL_CONVERSION = YES;
				CLANG_WARN_COMMA = YES;
				CLANG_WARN_CONSTANT_CONVERSION = YES;
				CLANG_WARN_DEPRECATED_OBJC_IMPLEMENTATIONS = YES;
				CLANG_WARN_DIRECT_OBJC_ISA_USAGE = YES_ERROR;
				CLANG_WARN_DOCUMENTATION_COMMENTS = YES;
				CLANG_WARN_EMPTY_BODY = YES;
				CLANG_WARN_ENUM_CONVERSION = YES;
				CLANG_WARN_INFINITE_RECURSION = YES;
				CLANG_WARN_INT_CONVERSION = YES;
				CLANG_WARN_NON_LITERAL_NULL_CONVERSION = YES;
				CLANG_WARN_OBJC_IMPLICIT_RETAIN_SELF = YES;
				CLANG_WARN_OBJC_LITERAL_CONVERSION = YES;
				CLANG_WARN_OBJC_ROOT_CLASS = YES_ERROR;
				CLANG_WARN_RANGE_LOOP_ANALYSIS = YES;
				CLANG_WARN_STRICT_PROTOTYPES = YES;
				CLANG_WARN_SUSPICIOUS_MOVE = YES;
				CLANG_WARN_UNGUARDED_AVAILABILITY = YES_AGGRESSIVE;
				CLANG_WARN_UNREACHABLE_CODE = YES;
				CLANG_WARN__DUPLICATE_METHOD_MATCH = YES;
				COPY_PHASE_STRIP = NO;
				DEBUG_INFORMATION_FORMAT = dwarf;
				ENABLE_STRICT_OBJC_MSGSEND = YES;
				ENABLE_TESTABILITY = YES;
				GCC_C_LANGUAGE_STANDARD = gnu11;
				GCC_DYNAMIC_NO_PIC = NO;
				GCC_NO_COMMON_BLOCKS = YES;
				GCC_OPTIMIZATION_LEVEL = 0;
				GCC_PREPROCESSOR_DEFINITIONS = (
					"DEBUG=1",
					"$(inherited)",
				);
				GCC_WARN_64_TO_32_BIT_CONVERSION = YES;
				GCC_WARN_ABOUT_RETURN_TYPE = YES_ERROR;
				GCC_WARN_UNDECLARED_SELECTOR = YES;
				GCC_WARN_UNINITIALIZED_AUTOS = YES_AGGRESSIVE;
				GCC_WARN_UNUSED_FUNCTION = YES;
				GCC_WARN_UNUSED_VARIABLE = YES;
				MACOSX_DEPLOYMENT_TARGET = 10.15;
				MTL_ENABLE_DEBUG_INFO = INCLUDE_SOURCE;
				MTL_FAST_MATH = YES;
				ONLY_ACTIVE_ARCH = YES;
				SDKROOT = macosx;
				SWIFT_ACTIVE_COMPILATION_CONDITIONS = DEBUG;
				SWIFT_OPTIMIZATION_LEVEL = "-Onone";
			};
			name = Debug;
		};
		B461FABA24BD73BD0044F033 /* Release */ = {
			isa = XCBuildConfiguration;
			buildSettings = {
				ALWAYS_SEARCH_USER_PATHS = NO;
				CLANG_ANALYZER_NONNULL = YES;
				CLANG_ANALYZER_NUMBER_OBJECT_CONVERSION = YES_AGGRESSIVE;
				CLANG_CXX_LANGUAGE_STANDARD = "gnu++14";
				CLANG_CXX_LIBRARY = "libc++";
				CLANG_ENABLE_MODULES = YES;
				CLANG_ENABLE_OBJC_ARC = YES;
				CLANG_ENABLE_OBJC_WEAK = YES;
				CLANG_WARN_BLOCK_CAPTURE_AUTORELEASING = YES;
				CLANG_WARN_BOOL_CONVERSION = YES;
				CLANG_WARN_COMMA = YES;
				CLANG_WARN_CONSTANT_CONVERSION = YES;
				CLANG_WARN_DEPRECATED_OBJC_IMPLEMENTATIONS = YES;
				CLANG_WARN_DIRECT_OBJC_ISA_USAGE = YES_ERROR;
				CLANG_WARN_DOCUMENTATION_COMMENTS = YES;
				CLANG_WARN_EMPTY_BODY = YES;
				CLANG_WARN_ENUM_CONVERSION = YES;
				CLANG_WARN_INFINITE_RECURSION = YES;
				CLANG_WARN_INT_CONVERSION = YES;
				CLANG_WARN_NON_LITERAL_NULL_CONVERSION = YES;
				CLANG_WARN_OBJC_IMPLICIT_RETAIN_SELF = YES;
				CLANG_WARN_OBJC_LITERAL_CONVERSION = YES;
				CLANG_WARN_OBJC_ROOT_CLASS = YES_ERROR;
				CLANG_WARN_RANGE_LOOP_ANALYSIS = YES;
				CLANG_WARN_STRICT_PROTOTYPES = YES;
				CLANG_WARN_SUSPICIOUS_MOVE = YES;
				CLANG_WARN_UNGUARDED_AVAILABILITY = YES_AGGRESSIVE;
				CLANG_WARN_UNREACHABLE_CODE = YES;
				CLANG_WARN__DUPLICATE_METHOD_MATCH = YES;
				COPY_PHASE_STRIP = NO;
				DEBUG_INFORMATION_FORMAT = "dwarf-with-dsym";
				ENABLE_NS_ASSERTIONS = NO;
				ENABLE_STRICT_OBJC_MSGSEND = YES;
				GCC_C_LANGUAGE_STANDARD = gnu11;
				GCC_NO_COMMON_BLOCKS = YES;
				GCC_WARN_64_TO_32_BIT_CONVERSION = YES;
				GCC_WARN_ABOUT_RETURN_TYPE = YES_ERROR;
				GCC_WARN_UNDECLARED_SELECTOR = YES;
				GCC_WARN_UNINITIALIZED_AUTOS = YES_AGGRESSIVE;
				GCC_WARN_UNUSED_FUNCTION = YES;
				GCC_WARN_UNUSED_VARIABLE = YES;
				MACOSX_DEPLOYMENT_TARGET = 10.15;
				MTL_ENABLE_DEBUG_INFO = NO;
				MTL_FAST_MATH = YES;
				SDKROOT = macosx;
				SWIFT_COMPILATION_MODE = wholemodule;
				SWIFT_OPTIMIZATION_LEVEL = "-O";
			};
			name = Release;
		};
		B461FABC24BD73BD0044F033 /* Debug */ = {
			isa = XCBuildConfiguration;
			buildSettings = {
				CLANG_ENABLE_MODULES = YES;
				CODE_SIGN_STYLE = Automatic;
				LD_RUNPATH_SEARCH_PATHS = (
					"$(inherited)",
					"@executable_path/../Frameworks",
					"@loader_path/../Frameworks",
				);
				PRODUCT_NAME = "$(TARGET_NAME)";
				SWIFT_OPTIMIZATION_LEVEL = "-Onone";
				SWIFT_VERSION = 5.0;
			};
			name = Debug;
		};
		B461FABD24BD73BD0044F033 /* Release */ = {
			isa = XCBuildConfiguration;
			buildSettings = {
				CLANG_ENABLE_MODULES = YES;
				CODE_SIGN_STYLE = Automatic;
				LD_RUNPATH_SEARCH_PATHS = (
					"$(inherited)",
					"@executable_path/../Frameworks",
					"@loader_path/../Frameworks",
				);
				PRODUCT_NAME = "$(TARGET_NAME)";
				SWIFT_VERSION = 5.0;
			};
			name = Release;
		};
/* End XCBuildConfiguration section */

/* Begin XCConfigurationList section */
		B461FAAF24BD73BD0044F033 /* Build configuration list for PBXProject "Atcoder" */ = {
			isa = XCConfigurationList;
			buildConfigurations = (
				B461FAB924BD73BD0044F033 /* Debug */,
				B461FABA24BD73BD0044F033 /* Release */,
			);
			defaultConfigurationIsVisible = 0;
			defaultConfigurationName = Release;
		};
		B461FABB24BD73BD0044F033 /* Build configuration list for PBXNativeTarget "Atcoder" */ = {
			isa = XCConfigurationList;
			buildConfigurations = (
				B461FABC24BD73BD0044F033 /* Debug */,
				B461FABD24BD73BD0044F033 /* Release */,
			);
			defaultConfigurationIsVisible = 0;
			defaultConfigurationName = Release;
		};
/* End XCConfigurationList section */
	};
	rootObject = B461FAAC24BD73BD0044F033 /* Project object */;
}
